// !$*UTF8*$!
{
	archiveVersion = 1;
	classes = {
	};
	objectVersion = 56;
	objects = {

/* Begin PBXBuildFile section */
		9748936A2BB9FB6D00A05045 /* bluetoothApp.swift in Sources */ = {isa = PBXBuildFile; fileRef = 974893692BB9FB6D00A05045 /* bluetoothApp.swift */; };
		9748936C2BB9FB6D00A05045 /* ContentView.swift in Sources */ = {isa = PBXBuildFile; fileRef = 9748936B2BB9FB6D00A05045 /* ContentView.swift */; };
		9748936E2BB9FB6F00A05045 /* Assets.xcassets in Resources */ = {isa = PBXBuildFile; fileRef = 9748936D2BB9FB6F00A05045 /* Assets.xcassets */; };
		974893712BB9FB6F00A05045 /* Preview Assets.xcassets in Resources */ = {isa = PBXBuildFile; fileRef = 974893702BB9FB6F00A05045 /* Preview Assets.xcassets */; };
		9748937B2BB9FB7000A05045 /* bluetoothTests.swift in Sources */ = {isa = PBXBuildFile; fileRef = 9748937A2BB9FB7000A05045 /* bluetoothTests.swift */; };
		974893852BB9FB7000A05045 /* bluetoothUITests.swift in Sources */ = {isa = PBXBuildFile; fileRef = 974893842BB9FB7000A05045 /* bluetoothUITests.swift */; };
		974893872BB9FB7000A05045 /* bluetoothUITestsLaunchTests.swift in Sources */ = {isa = PBXBuildFile; fileRef = 974893862BB9FB7000A05045 /* bluetoothUITestsLaunchTests.swift */; };
		974893942BBA020100A05045 /* BluetoothService.swift in Sources */ = {isa = PBXBuildFile; fileRef = 974893932BBA020100A05045 /* BluetoothService.swift */; };
/* End PBXBuildFile section */

/* Begin PBXContainerItemProxy section */
		974893772BB9FB7000A05045 /* PBXContainerItemProxy */ = {
			isa = PBXContainerItemProxy;
			containerPortal = 9748935E2BB9FB6D00A05045 /* Project object */;
			proxyType = 1;
			remoteGlobalIDString = 974893652BB9FB6D00A05045;
			remoteInfo = bluetooth;
		};
		974893812BB9FB7000A05045 /* PBXContainerItemProxy */ = {
			isa = PBXContainerItemProxy;
			containerPortal = 9748935E2BB9FB6D00A05045 /* Project object */;
			proxyType = 1;
			remoteGlobalIDString = 974893652BB9FB6D00A05045;
			remoteInfo = bluetooth;
		};
/* End PBXContainerItemProxy section */

/* Begin PBXFileReference section */
		974893662BB9FB6D00A05045 /* bluetooth.app */ = {isa = PBXFileReference; explicitFileType = wrapper.application; includeInIndex = 0; path = bluetooth.app; sourceTree = BUILT_PRODUCTS_DIR; };
		974893692BB9FB6D00A05045 /* bluetoothApp.swift */ = {isa = PBXFileReference; lastKnownFileType = sourcecode.swift; path = bluetoothApp.swift; sourceTree = "<group>"; };
		9748936B2BB9FB6D00A05045 /* ContentView.swift */ = {isa = PBXFileReference; lastKnownFileType = sourcecode.swift; path = ContentView.swift; sourceTree = "<group>"; };
		9748936D2BB9FB6F00A05045 /* Assets.xcassets */ = {isa = PBXFileReference; lastKnownFileType = folder.assetcatalog; path = Assets.xcassets; sourceTree = "<group>"; };
		974893702BB9FB6F00A05045 /* Preview Assets.xcassets */ = {isa = PBXFileReference; lastKnownFileType = folder.assetcatalog; path = "Preview Assets.xcassets"; sourceTree = "<group>"; };
		974893762BB9FB7000A05045 /* bluetoothTests.xctest */ = {isa = PBXFileReference; explicitFileType = wrapper.cfbundle; includeInIndex = 0; path = bluetoothTests.xctest; sourceTree = BUILT_PRODUCTS_DIR; };
		9748937A2BB9FB7000A05045 /* bluetoothTests.swift */ = {isa = PBXFileReference; lastKnownFileType = sourcecode.swift; path = bluetoothTests.swift; sourceTree = "<group>"; };
		974893802BB9FB7000A05045 /* bluetoothUITests.xctest */ = {isa = PBXFileReference; explicitFileType = wrapper.cfbundle; includeInIndex = 0; path = bluetoothUITests.xctest; sourceTree = BUILT_PRODUCTS_DIR; };
		974893842BB9FB7000A05045 /* bluetoothUITests.swift */ = {isa = PBXFileReference; lastKnownFileType = sourcecode.swift; path = bluetoothUITests.swift; sourceTree = "<group>"; };
		974893862BB9FB7000A05045 /* bluetoothUITestsLaunchTests.swift */ = {isa = PBXFileReference; lastKnownFileType = sourcecode.swift; path = bluetoothUITestsLaunchTests.swift; sourceTree = "<group>"; };
		974893932BBA020100A05045 /* BluetoothService.swift */ = {isa = PBXFileReference; lastKnownFileType = sourcecode.swift; path = BluetoothService.swift; sourceTree = "<group>"; };
/* End PBXFileReference section */

/* Begin PBXFrameworksBuildPhase section */
		974893632BB9FB6D00A05045 /* Frameworks */ = {
			isa = PBXFrameworksBuildPhase;
			buildActionMask = 2147483647;
			files = (
			);
			runOnlyForDeploymentPostprocessing = 0;
		};
		974893732BB9FB7000A05045 /* Frameworks */ = {
			isa = PBXFrameworksBuildPhase;
			buildActionMask = 2147483647;
			files = (
			);
			runOnlyForDeploymentPostprocessing = 0;
		};
		9748937D2BB9FB7000A05045 /* Frameworks */ = {
			isa = PBXFrameworksBuildPhase;
			buildActionMask = 2147483647;
			files = (
			);
			runOnlyForDeploymentPostprocessing = 0;
		};
/* End PBXFrameworksBuildPhase section */

/* Begin PBXGroup section */
		9748935D2BB9FB6D00A05045 = {
			isa = PBXGroup;
			children = (
				974893682BB9FB6D00A05045 /* bluetooth */,
				974893792BB9FB7000A05045 /* bluetoothTests */,
				974893832BB9FB7000A05045 /* bluetoothUITests */,
				974893672BB9FB6D00A05045 /* Products */,
			);
			sourceTree = "<group>";
		};
		974893672BB9FB6D00A05045 /* Products */ = {
			isa = PBXGroup;
			children = (
				974893662BB9FB6D00A05045 /* bluetooth.app */,
				974893762BB9FB7000A05045 /* bluetoothTests.xctest */,
				974893802BB9FB7000A05045 /* bluetoothUITests.xctest */,
			);
			name = Products;
			sourceTree = "<group>";
		};
		974893682BB9FB6D00A05045 /* bluetooth */ = {
			isa = PBXGroup;
			children = (
				974893932BBA020100A05045 /* BluetoothService.swift */,
				974893692BB9FB6D00A05045 /* bluetoothApp.swift */,
				9748936B2BB9FB6D00A05045 /* ContentView.swift */,
				9748936D2BB9FB6F00A05045 /* Assets.xcassets */,
				9748936F2BB9FB6F00A05045 /* Preview Content */,
			);
			path = bluetooth;
			sourceTree = "<group>";
		};
		9748936F2BB9FB6F00A05045 /* Preview Content */ = {
			isa = PBXGroup;
			children = (
				974893702BB9FB6F00A05045 /* Preview Assets.xcassets */,
			);
			path = "Preview Content";
			sourceTree = "<group>";
		};
		974893792BB9FB7000A05045 /* bluetoothTests */ = {
			isa = PBXGroup;
			children = (
				9748937A2BB9FB7000A05045 /* bluetoothTests.swift */,
			);
			path = bluetoothTests;
			sourceTree = "<group>";
		};
		974893832BB9FB7000A05045 /* bluetoothUITests */ = {
			isa = PBXGroup;
			children = (
				974893842BB9FB7000A05045 /* bluetoothUITests.swift */,
				974893862BB9FB7000A05045 /* bluetoothUITestsLaunchTests.swift */,
			);
			path = bluetoothUITests;
			sourceTree = "<group>";
		};
/* End PBXGroup section */

/* Begin PBXNativeTarget section */
		974893652BB9FB6D00A05045 /* bluetooth */ = {
			isa = PBXNativeTarget;
			buildConfigurationList = 9748938A2BB9FB7000A05045 /* Build configuration list for PBXNativeTarget "bluetooth" */;
			buildPhases = (
				974893622BB9FB6D00A05045 /* Sources */,
				974893632BB9FB6D00A05045 /* Frameworks */,
				974893642BB9FB6D00A05045 /* Resources */,
			);
			buildRules = (
			);
			dependencies = (
			);
			name = bluetooth;
			productName = bluetooth;
			productReference = 974893662BB9FB6D00A05045 /* bluetooth.app */;
			productType = "com.apple.product-type.application";
		};
		974893752BB9FB7000A05045 /* bluetoothTests */ = {
			isa = PBXNativeTarget;
			buildConfigurationList = 9748938D2BB9FB7000A05045 /* Build configuration list for PBXNativeTarget "bluetoothTests" */;
			buildPhases = (
				974893722BB9FB7000A05045 /* Sources */,
				974893732BB9FB7000A05045 /* Frameworks */,
				974893742BB9FB7000A05045 /* Resources */,
			);
			buildRules = (
			);
			dependencies = (
				974893782BB9FB7000A05045 /* PBXTargetDependency */,
			);
			name = bluetoothTests;
			productName = bluetoothTests;
			productReference = 974893762BB9FB7000A05045 /* bluetoothTests.xctest */;
			productType = "com.apple.product-type.bundle.unit-test";
		};
		9748937F2BB9FB7000A05045 /* bluetoothUITests */ = {
			isa = PBXNativeTarget;
			buildConfigurationList = 974893902BB9FB7000A05045 /* Build configuration list for PBXNativeTarget "bluetoothUITests" */;
			buildPhases = (
				9748937C2BB9FB7000A05045 /* Sources */,
				9748937D2BB9FB7000A05045 /* Frameworks */,
				9748937E2BB9FB7000A05045 /* Resources */,
			);
			buildRules = (
			);
			dependencies = (
				974893822BB9FB7000A05045 /* PBXTargetDependency */,
			);
			name = bluetoothUITests;
			productName = bluetoothUITests;
			productReference = 974893802BB9FB7000A05045 /* bluetoothUITests.xctest */;
			productType = "com.apple.product-type.bundle.ui-testing";
		};
/* End PBXNativeTarget section */

/* Begin PBXProject section */
		9748935E2BB9FB6D00A05045 /* Project object */ = {
			isa = PBXProject;
			attributes = {
				BuildIndependentTargetsInParallel = 1;
				LastSwiftUpdateCheck = 1510;
				LastUpgradeCheck = 1510;
				TargetAttributes = {
					974893652BB9FB6D00A05045 = {
						CreatedOnToolsVersion = 15.1;
					};
					974893752BB9FB7000A05045 = {
						CreatedOnToolsVersion = 15.1;
						TestTargetID = 974893652BB9FB6D00A05045;
					};
					9748937F2BB9FB7000A05045 = {
						CreatedOnToolsVersion = 15.1;
						TestTargetID = 974893652BB9FB6D00A05045;
					};
				};
			};
			buildConfigurationList = 974893612BB9FB6D00A05045 /* Build configuration list for PBXProject "bluetooth" */;
			compatibilityVersion = "Xcode 14.0";
			developmentRegion = en;
			hasScannedForEncodings = 0;
			knownRegions = (
				en,
				Base,
			);
			mainGroup = 9748935D2BB9FB6D00A05045;
			productRefGroup = 974893672BB9FB6D00A05045 /* Products */;
			projectDirPath = "";
			projectRoot = "";
			targets = (
				974893652BB9FB6D00A05045 /* bluetooth */,
				974893752BB9FB7000A05045 /* bluetoothTests */,
				9748937F2BB9FB7000A05045 /* bluetoothUITests */,
			);
		};
/* End PBXProject section */

/* Begin PBXResourcesBuildPhase section */
		974893642BB9FB6D00A05045 /* Resources */ = {
			isa = PBXResourcesBuildPhase;
			buildActionMask = 2147483647;
			files = (
				974893712BB9FB6F00A05045 /* Preview Assets.xcassets in Resources */,
				9748936E2BB9FB6F00A05045 /* Assets.xcassets in Resources */,
			);
			runOnlyForDeploymentPostprocessing = 0;
		};
		974893742BB9FB7000A05045 /* Resources */ = {
			isa = PBXResourcesBuildPhase;
			buildActionMask = 2147483647;
			files = (
			);
			runOnlyForDeploymentPostprocessing = 0;
		};
		9748937E2BB9FB7000A05045 /* Resources */ = {
			isa = PBXResourcesBuildPhase;
			buildActionMask = 2147483647;
			files = (
			);
			runOnlyForDeploymentPostprocessing = 0;
		};
/* End PBXResourcesBuildPhase section */

/* Begin PBXSourcesBuildPhase section */
		974893622BB9FB6D00A05045 /* Sources */ = {
			isa = PBXSourcesBuildPhase;
			buildActionMask = 2147483647;
			files = (
				9748936C2BB9FB6D00A05045 /* ContentView.swift in Sources */,
				974893942BBA020100A05045 /* BluetoothService.swift in Sources */,
				9748936A2BB9FB6D00A05045 /* bluetoothApp.swift in Sources */,
			);
			runOnlyForDeploymentPostprocessing = 0;
		};
		974893722BB9FB7000A05045 /* Sources */ = {
			isa = PBXSourcesBuildPhase;
			buildActionMask = 2147483647;
			files = (
				9748937B2BB9FB7000A05045 /* bluetoothTests.swift in Sources */,
			);
			runOnlyForDeploymentPostprocessing = 0;
		};
		9748937C2BB9FB7000A05045 /* Sources */ = {
			isa = PBXSourcesBuildPhase;
			buildActionMask = 2147483647;
			files = (
				974893852BB9FB7000A05045 /* bluetoothUITests.swift in Sources */,
				974893872BB9FB7000A05045 /* bluetoothUITestsLaunchTests.swift in Sources */,
			);
			runOnlyForDeploymentPostprocessing = 0;
		};
/* End PBXSourcesBuildPhase section */

/* Begin PBXTargetDependency section */
		974893782BB9FB7000A05045 /* PBXTargetDependency */ = {
			isa = PBXTargetDependency;
			target = 974893652BB9FB6D00A05045 /* bluetooth */;
			targetProxy = 974893772BB9FB7000A05045 /* PBXContainerItemProxy */;
		};
		974893822BB9FB7000A05045 /* PBXTargetDependency */ = {
			isa = PBXTargetDependency;
			target = 974893652BB9FB6D00A05045 /* bluetooth */;
			targetProxy = 974893812BB9FB7000A05045 /* PBXContainerItemProxy */;
		};
/* End PBXTargetDependency section */

/* Begin XCBuildConfiguration section */
		974893882BB9FB7000A05045 /* Debug */ = {
			isa = XCBuildConfiguration;
			buildSettings = {
				ALWAYS_SEARCH_USER_PATHS = NO;
				ASSETCATALOG_COMPILER_GENERATE_SWIFT_ASSET_SYMBOL_EXTENSIONS = YES;
				CLANG_ANALYZER_NONNULL = YES;
				CLANG_ANALYZER_NUMBER_OBJECT_CONVERSION = YES_AGGRESSIVE;
				CLANG_CXX_LANGUAGE_STANDARD = "gnu++20";
				CLANG_ENABLE_MODULES = YES;
				CLANG_ENABLE_OBJC_ARC = YES;
				CLANG_ENABLE_OBJC_WEAK = YES;
				CLANG_WARN_BLOCK_CAPTURE_AUTORELEASING = YES;
				CLANG_WARN_BOOL_CONVERSION = YES;
				CLANG_WARN_COMMA = YES;
				CLANG_WARN_CONSTANT_CONVERSION = YES;
				CLANG_WARN_DEPRECATED_OBJC_IMPLEMENTATIONS = YES;
				CLANG_WARN_DIRECT_OBJC_ISA_USAGE = YES_ERROR;
				CLANG_WARN_DOCUMENTATION_COMMENTS = YES;
				CLANG_WARN_EMPTY_BODY = YES;
				CLANG_WARN_ENUM_CONVERSION = YES;
				CLANG_WARN_INFINITE_RECURSION = YES;
				CLANG_WARN_INT_CONVERSION = YES;
				CLANG_WARN_NON_LITERAL_NULL_CONVERSION = YES;
				CLANG_WARN_OBJC_IMPLICIT_RETAIN_SELF = YES;
				CLANG_WARN_OBJC_LITERAL_CONVERSION = YES;
				CLANG_WARN_OBJC_ROOT_CLASS = YES_ERROR;
				CLANG_WARN_QUOTED_INCLUDE_IN_FRAMEWORK_HEADER = YES;
				CLANG_WARN_RANGE_LOOP_ANALYSIS = YES;
				CLANG_WARN_STRICT_PROTOTYPES = YES;
				CLANG_WARN_SUSPICIOUS_MOVE = YES;
				CLANG_WARN_UNGUARDED_AVAILABILITY = YES_AGGRESSIVE;
				CLANG_WARN_UNREACHABLE_CODE = YES;
				CLANG_WARN__DUPLICATE_METHOD_MATCH = YES;
				COPY_PHASE_STRIP = NO;
				DEBUG_INFORMATION_FORMAT = dwarf;
				ENABLE_STRICT_OBJC_MSGSEND = YES;
				ENABLE_TESTABILITY = YES;
				ENABLE_USER_SCRIPT_SANDBOXING = YES;
				GCC_C_LANGUAGE_STANDARD = gnu17;
				GCC_DYNAMIC_NO_PIC = NO;
				GCC_NO_COMMON_BLOCKS = YES;
				GCC_OPTIMIZATION_LEVEL = 0;
				GCC_PREPROCESSOR_DEFINITIONS = (
					"DEBUG=1",
					"$(inherited)",
				);
				GCC_WARN_64_TO_32_BIT_CONVERSION = YES;
				GCC_WARN_ABOUT_RETURN_TYPE = YES_ERROR;
				GCC_WARN_UNDECLARED_SELECTOR = YES;
				GCC_WARN_UNINITIALIZED_AUTOS = YES_AGGRESSIVE;
				GCC_WARN_UNUSED_FUNCTION = YES;
				GCC_WARN_UNUSED_VARIABLE = YES;
				IPHONEOS_DEPLOYMENT_TARGET = 17.2;
				LOCALIZATION_PREFERS_STRING_CATALOGS = YES;
				MTL_ENABLE_DEBUG_INFO = INCLUDE_SOURCE;
				MTL_FAST_MATH = YES;
				ONLY_ACTIVE_ARCH = YES;
				SDKROOT = iphoneos;
				SWIFT_ACTIVE_COMPILATION_CONDITIONS = "DEBUG $(inherited)";
				SWIFT_OPTIMIZATION_LEVEL = "-Onone";
			};
			name = Debug;
		};
		974893892BB9FB7000A05045 /* Release */ = {
			isa = XCBuildConfiguration;
			buildSettings = {
				ALWAYS_SEARCH_USER_PATHS = NO;
				ASSETCATALOG_COMPILER_GENERATE_SWIFT_ASSET_SYMBOL_EXTENSIONS = YES;
				CLANG_ANALYZER_NONNULL = YES;
				CLANG_ANALYZER_NUMBER_OBJECT_CONVERSION = YES_AGGRESSIVE;
				CLANG_CXX_LANGUAGE_STANDARD = "gnu++20";
				CLANG_ENABLE_MODULES = YES;
				CLANG_ENABLE_OBJC_ARC = YES;
				CLANG_ENABLE_OBJC_WEAK = YES;
				CLANG_WARN_BLOCK_CAPTURE_AUTORELEASING = YES;
				CLANG_WARN_BOOL_CONVERSION = YES;
				CLANG_WARN_COMMA = YES;
				CLANG_WARN_CONSTANT_CONVERSION = YES;
				CLANG_WARN_DEPRECATED_OBJC_IMPLEMENTATIONS = YES;
				CLANG_WARN_DIRECT_OBJC_ISA_USAGE = YES_ERROR;
				CLANG_WARN_DOCUMENTATION_COMMENTS = YES;
				CLANG_WARN_EMPTY_BODY = YES;
				CLANG_WARN_ENUM_CONVERSION = YES;
				CLANG_WARN_INFINITE_RECURSION = YES;
				CLANG_WARN_INT_CONVERSION = YES;
				CLANG_WARN_NON_LITERAL_NULL_CONVERSION = YES;
				CLANG_WARN_OBJC_IMPLICIT_RETAIN_SELF = YES;
				CLANG_WARN_OBJC_LITERAL_CONVERSION = YES;
				CLANG_WARN_OBJC_ROOT_CLASS = YES_ERROR;
				CLANG_WARN_QUOTED_INCLUDE_IN_FRAMEWORK_HEADER = YES;
				CLANG_WARN_RANGE_LOOP_ANALYSIS = YES;
				CLANG_WARN_STRICT_PROTOTYPES = YES;
				CLANG_WARN_SUSPICIOUS_MOVE = YES;
				CLANG_WARN_UNGUARDED_AVAILABILITY = YES_AGGRESSIVE;
				CLANG_WARN_UNREACHABLE_CODE = YES;
				CLANG_WARN__DUPLICATE_METHOD_MATCH = YES;
				COPY_PHASE_STRIP = NO;
				DEBUG_INFORMATION_FORMAT = "dwarf-with-dsym";
				ENABLE_NS_ASSERTIONS = NO;
				ENABLE_STRICT_OBJC_MSGSEND = YES;
				ENABLE_USER_SCRIPT_SANDBOXING = YES;
				GCC_C_LANGUAGE_STANDARD = gnu17;
				GCC_NO_COMMON_BLOCKS = YES;
				GCC_WARN_64_TO_32_BIT_CONVERSION = YES;
				GCC_WARN_ABOUT_RETURN_TYPE = YES_ERROR;
				GCC_WARN_UNDECLARED_SELECTOR = YES;
				GCC_WARN_UNINITIALIZED_AUTOS = YES_AGGRESSIVE;
				GCC_WARN_UNUSED_FUNCTION = YES;
				GCC_WARN_UNUSED_VARIABLE = YES;
				IPHONEOS_DEPLOYMENT_TARGET = 17.2;
				LOCALIZATION_PREFERS_STRING_CATALOGS = YES;
				MTL_ENABLE_DEBUG_INFO = NO;
				MTL_FAST_MATH = YES;
				SDKROOT = iphoneos;
				SWIFT_COMPILATION_MODE = wholemodule;
				VALIDATE_PRODUCT = YES;
			};
			name = Release;
		};
		9748938B2BB9FB7000A05045 /* Debug */ = {
			isa = XCBuildConfiguration;
			buildSettings = {
				ASSETCATALOG_COMPILER_APPICON_NAME = AppIcon;
				ASSETCATALOG_COMPILER_GLOBAL_ACCENT_COLOR_NAME = AccentColor;
				CODE_SIGN_STYLE = Automatic;
				CURRENT_PROJECT_VERSION = 1;
				DEVELOPMENT_ASSET_PATHS = "\"bluetooth/Preview Content\"";
				DEVELOPMENT_TEAM = A388CVSU7R;
				ENABLE_PREVIEWS = YES;
				GENERATE_INFOPLIST_FILE = YES;
				INFOPLIST_KEY_NSBluetoothAlwaysUsageDescription = "";
				INFOPLIST_KEY_UIApplicationSceneManifest_Generation = YES;
				INFOPLIST_KEY_UIApplicationSupportsIndirectInputEvents = YES;
				INFOPLIST_KEY_UILaunchScreen_Generation = YES;
				INFOPLIST_KEY_UISupportedInterfaceOrientations_iPad = "UIInterfaceOrientationPortrait UIInterfaceOrientationPortraitUpsideDown UIInterfaceOrientationLandscapeLeft UIInterfaceOrientationLandscapeRight";
				INFOPLIST_KEY_UISupportedInterfaceOrientations_iPhone = "UIInterfaceOrientationPortrait UIInterfaceOrientationLandscapeLeft UIInterfaceOrientationLandscapeRight";
				LD_RUNPATH_SEARCH_PATHS = (
					"$(inherited)",
					"@executable_path/Frameworks",
				);
				MARKETING_VERSION = 1.0;
				PRODUCT_BUNDLE_IDENTIFIER = jiahao.bluetooth;
				PRODUCT_NAME = "$(TARGET_NAME)";
				SWIFT_EMIT_LOC_STRINGS = YES;
				SWIFT_VERSION = 5.0;
				TARGETED_DEVICE_FAMILY = "1,2";
			};
			name = Debug;
		};
		9748938C2BB9FB7000A05045 /* Release */ = {
			isa = XCBuildConfiguration;
			buildSettings = {
				ASSETCATALOG_COMPILER_APPICON_NAME = AppIcon;
				ASSETCATALOG_COMPILER_GLOBAL_ACCENT_COLOR_NAME = AccentColor;
				CODE_SIGN_STYLE = Automatic;
				CURRENT_PROJECT_VERSION = 1;
				DEVELOPMENT_ASSET_PATHS = "\"bluetooth/Preview Content\"";
				DEVELOPMENT_TEAM = A388CVSU7R;
				ENABLE_PREVIEWS = YES;
				GENERATE_INFOPLIST_FILE = YES;
				INFOPLIST_KEY_NSBluetoothAlwaysUsageDescription = "";
				INFOPLIST_KEY_UIApplicationSceneManifest_Generation = YES;
				INFOPLIST_KEY_UIApplicationSupportsIndirectInputEvents = YES;
				INFOPLIST_KEY_UILaunchScreen_Generation = YES;
				INFOPLIST_KEY_UISupportedInterfaceOrientations_iPad = "UIInterfaceOrientationPortrait UIInterfaceOrientationPortraitUpsideDown UIInterfaceOrientationLandscapeLeft UIInterfaceOrientationLandscapeRight";
				INFOPLIST_KEY_UISupportedInterfaceOrientations_iPhone = "UIInterfaceOrientationPortrait UIInterfaceOrientationLandscapeLeft UIInterfaceOrientationLandscapeRight";
				LD_RUNPATH_SEARCH_PATHS = (
					"$(inherited)",
					"@executable_path/Frameworks",
				);
				MARKETING_VERSION = 1.0;
				PRODUCT_BUNDLE_IDENTIFIER = jiahao.bluetooth;
				PRODUCT_NAME = "$(TARGET_NAME)";
				SWIFT_EMIT_LOC_STRINGS = YES;
				SWIFT_VERSION = 5.0;
				TARGETED_DEVICE_FAMILY = "1,2";
			};
			name = Release;
		};
		9748938E2BB9FB7000A05045 /* Debug */ = {
			isa = XCBuildConfiguration;
			buildSettings = {
				ALWAYS_EMBED_SWIFT_STANDARD_LIBRARIES = YES;
				BUNDLE_LOADER = "$(TEST_HOST)";
				CODE_SIGN_STYLE = Automatic;
				CURRENT_PROJECT_VERSION = 1;
				GENERATE_INFOPLIST_FILE = YES;
				IPHONEOS_DEPLOYMENT_TARGET = 17.2;
				MARKETING_VERSION = 1.0;
				PRODUCT_BUNDLE_IDENTIFIER = jiahao.bluetoothTests;
				PRODUCT_NAME = "$(TARGET_NAME)";
				SWIFT_EMIT_LOC_STRINGS = NO;
				SWIFT_VERSION = 5.0;
				TARGETED_DEVICE_FAMILY = "1,2";
				TEST_HOST = "$(BUILT_PRODUCTS_DIR)/bluetooth.app/$(BUNDLE_EXECUTABLE_FOLDER_PATH)/bluetooth";
			};
			name = Debug;
		};
		9748938F2BB9FB7000A05045 /* Release */ = {
			isa = XCBuildConfiguration;
			buildSettings = {
				ALWAYS_EMBED_SWIFT_STANDARD_LIBRARIES = YES;
				BUNDLE_LOADER = "$(TEST_HOST)";
				CODE_SIGN_STYLE = Automatic;
				CURRENT_PROJECT_VERSION = 1;
				GENERATE_INFOPLIST_FILE = YES;
				IPHONEOS_DEPLOYMENT_TARGET = 17.2;
				MARKETING_VERSION = 1.0;
				PRODUCT_BUNDLE_IDENTIFIER = jiahao.bluetoothTests;
				PRODUCT_NAME = "$(TARGET_NAME)";
				SWIFT_EMIT_LOC_STRINGS = NO;
				SWIFT_VERSION = 5.0;
				TARGETED_DEVICE_FAMILY = "1,2";
				TEST_HOST = "$(BUILT_PRODUCTS_DIR)/bluetooth.app/$(BUNDLE_EXECUTABLE_FOLDER_PATH)/bluetooth";
			};
			name = Release;
		};
		974893912BB9FB7000A05045 /* Debug */ = {
			isa = XCBuildConfiguration;
			buildSettings = {
				ALWAYS_EMBED_SWIFT_STANDARD_LIBRARIES = YES;
				CODE_SIGN_STYLE = Automatic;
				CURRENT_PROJECT_VERSION = 1;
				GENERATE_INFOPLIST_FILE = YES;
				MARKETING_VERSION = 1.0;
				PRODUCT_BUNDLE_IDENTIFIER = jiahao.bluetoothUITests;
				PRODUCT_NAME = "$(TARGET_NAME)";
				SWIFT_EMIT_LOC_STRINGS = NO;
				SWIFT_VERSION = 5.0;
				TARGETED_DEVICE_FAMILY = "1,2";
				TEST_TARGET_NAME = bluetooth;
			};
			name = Debug;
		};
		974893922BB9FB7000A05045 /* Release */ = {
			isa = XCBuildConfiguration;
			buildSettings = {
				ALWAYS_EMBED_SWIFT_STANDARD_LIBRARIES = YES;
				CODE_SIGN_STYLE = Automatic;
				CURRENT_PROJECT_VERSION = 1;
				GENERATE_INFOPLIST_FILE = YES;
				MARKETING_VERSION = 1.0;
				PRODUCT_BUNDLE_IDENTIFIER = jiahao.bluetoothUITests;
				PRODUCT_NAME = "$(TARGET_NAME)";
				SWIFT_EMIT_LOC_STRINGS = NO;
				SWIFT_VERSION = 5.0;
				TARGETED_DEVICE_FAMILY = "1,2";
				TEST_TARGET_NAME = bluetooth;
			};
			name = Release;
		};
/* End XCBuildConfiguration section */

/* Begin XCConfigurationList section */
		974893612BB9FB6D00A05045 /* Build configuration list for PBXProject "bluetooth" */ = {
			isa = XCConfigurationList;
			buildConfigurations = (
				974893882BB9FB7000A05045 /* Debug */,
				974893892BB9FB7000A05045 /* Release */,
			);
			defaultConfigurationIsVisible = 0;
			defaultConfigurationName = Release;
		};
		9748938A2BB9FB7000A05045 /* Build configuration list for PBXNativeTarget "bluetooth" */ = {
			isa = XCConfigurationList;
			buildConfigurations = (
				9748938B2BB9FB7000A05045 /* Debug */,
				9748938C2BB9FB7000A05045 /* Release */,
			);
			defaultConfigurationIsVisible = 0;
			defaultConfigurationName = Release;
		};
		9748938D2BB9FB7000A05045 /* Build configuration list for PBXNativeTarget "bluetoothTests" */ = {
			isa = XCConfigurationList;
			buildConfigurations = (
				9748938E2BB9FB7000A05045 /* Debug */,
				9748938F2BB9FB7000A05045 /* Release */,
			);
			defaultConfigurationIsVisible = 0;
			defaultConfigurationName = Release;
		};
		974893902BB9FB7000A05045 /* Build configuration list for PBXNativeTarget "bluetoothUITests" */ = {
			isa = XCConfigurationList;
			buildConfigurations = (
				974893912BB9FB7000A05045 /* Debug */,
				974893922BB9FB7000A05045 /* Release */,
			);
			defaultConfigurationIsVisible = 0;
			defaultConfigurationName = Release;
		};
/* End XCConfigurationList section */
	};
	rootObject = 9748935E2BB9FB6D00A05045 /* Project object */;
}
